
Microsoft Visual Studio Solution File, Format Version 12.00
# Visual Studio Version 17
VisualStudioVersion = 17.6.33723.286
MinimumVisualStudioVersion = 10.0.40219.1
Project("{FAE04EC0-301F-11D3-BF4B-00C04F79EFBC}") = "OOP_lab2_request_to_server", "OOP_lab2_request_to_server\OOP_lab2_request_to_server.csproj", "{B24336D4-9356-47DF-8BA8-E3393D9A4D7C}"
EndProject
Global
	GlobalSection(SolutionConfigurationPlatforms) = preSolution
		Debug|Any CPU = Debug|Any CPU
		Release|Any CPU = Release|Any CPU
	EndGlobalSection
	GlobalSection(ProjectConfigurationPlatforms) = postSolution
		{B24336D4-9356-47DF-8BA8-E3393D9A4D7C}.Debug|Any CPU.ActiveCfg = Debug|Any CPU
		{B24336D4-9356-47DF-8BA8-E3393D9A4D7C}.Debug|Any CPU.Build.0 = Debug|Any CPU
		{B24336D4-9356-47DF-8BA8-E3393D9A4D7C}.Release|Any CPU.ActiveCfg = Release|Any CPU
		{B24336D4-9356-47DF-8BA8-E3393D9A4D7C}.Release|Any CPU.Build.0 = Release|Any CPU
	EndGlobalSection
	GlobalSection(SolutionProperties) = preSolution
		HideSolutionNode = FALSE
	EndGlobalSection
	GlobalSection(ExtensibilityGlobals) = postSolution
		SolutionGuid = {BC3A16AF-A4F4-4402-AE65-B4CB031C7ED9}
	EndGlobalSection
EndGlobal
